// !$*UTF8*$!
{
	archiveVersion = 1;
	classes = {
	};
	objectVersion = 56;
	objects = {

/* Begin PBXBuildFile section */
		69A76B132ADE3E39008332C7 /* golf1.swift in Sources */ = {isa = PBXBuildFile; fileRef = 69A76B102ADE3E39008332C7 /* golf1.swift */; };
		69A76B152ADE3E39008332C7 /* golf3.swift in Sources */ = {isa = PBXBuildFile; fileRef = 69A76B122ADE3E39008332C7 /* golf3.swift */; };
/* End PBXBuildFile section */

/* Begin PBXCopyFilesBuildPhase section */
		698725FB2A90D7500087ABED /* CopyFiles */ = {
			isa = PBXCopyFilesBuildPhase;
			buildActionMask = 2147483647;
			dstPath = /usr/share/man/man1/;
			dstSubfolderSpec = 0;
			files = (
			);
			runOnlyForDeploymentPostprocessing = 1;
		};
/* End PBXCopyFilesBuildPhase section */

/* Begin PBXFileReference section */
		690CF2C22AB206D0002B29C0 /* 1049.swift */ = {isa = PBXFileReference; lastKnownFileType = sourcecode.swift; path = 1049.swift; sourceTree = "<group>"; };
		690CF2C42AB2B646002B29C0 /* 1439.swift */ = {isa = PBXFileReference; lastKnownFileType = sourcecode.swift; path = 1439.swift; sourceTree = "<group>"; };
		691092A72AE0269D0092AB7D /* 2606.swift */ = {isa = PBXFileReference; lastKnownFileType = sourcecode.swift; path = 2606.swift; sourceTree = "<group>"; };
		694FE3472AE8113900E4BBA4 /* 2331.swift */ = {isa = PBXFileReference; lastKnownFileType = sourcecode.swift; path = 2331.swift; sourceTree = "<group>"; };
		6950E7272AEC002000AA15B3 /* 1260.swift */ = {isa = PBXFileReference; lastKnownFileType = sourcecode.swift; path = 1260.swift; sourceTree = "<group>"; };
		6957454D2AE964950014F298 /* 10451.swift */ = {isa = PBXFileReference; lastKnownFileType = sourcecode.swift; path = 10451.swift; sourceTree = "<group>"; };
		6957454F2AEAC63F0014F298 /* 2644.swift */ = {isa = PBXFileReference; lastKnownFileType = sourcecode.swift; path = 2644.swift; sourceTree = "<group>"; };
		6986A7352AE0E06500615E85 /* 1012.swift */ = {isa = PBXFileReference; lastKnownFileType = sourcecode.swift; path = 1012.swift; sourceTree = "<group>"; };
		698725FD2A90D7500087ABED /* CodingTest */ = {isa = PBXFileReference; explicitFileType = "compiled.mach-o.executable"; includeInIndex = 0; path = CodingTest; sourceTree = BUILT_PRODUCTS_DIR; };
		698726002A90D7500087ABED /* 2217.swift */ = {isa = PBXFileReference; lastKnownFileType = sourcecode.swift; path = 2217.swift; sourceTree = "<group>"; };
		699EE0B62AEFF40300C32078 /* 17127.swift */ = {isa = PBXFileReference; lastKnownFileType = sourcecode.swift; path = 17127.swift; sourceTree = "<group>"; };
		69A76B0F2ADE3E1C008332C7 /* 백준 */ = {isa = PBXFileReference; lastKnownFileType = folder; path = "백준"; sourceTree = "<group>"; };
		69A76B102ADE3E39008332C7 /* golf1.swift */ = {isa = PBXFileReference; fileEncoding = 4; lastKnownFileType = sourcecode.swift; path = golf1.swift; sourceTree = "<group>"; };
		69A76B112ADE3E39008332C7 /* golf2.swift */ = {isa = PBXFileReference; fileEncoding = 4; lastKnownFileType = sourcecode.swift; path = golf2.swift; sourceTree = "<group>"; };
		69A76B122ADE3E39008332C7 /* golf3.swift */ = {isa = PBXFileReference; fileEncoding = 4; lastKnownFileType = sourcecode.swift; path = golf3.swift; sourceTree = "<group>"; };
		69A76B162ADE3EB1008332C7 /* 2108.swift */ = {isa = PBXFileReference; lastKnownFileType = sourcecode.swift; path = 2108.swift; sourceTree = "<group>"; };
		69A7B8092AF1033500F048E7 /* 1251.swift */ = {isa = PBXFileReference; lastKnownFileType = sourcecode.swift; path = 1251.swift; sourceTree = "<group>"; };
		69AB84EF2AA61CD9003534D1 /* 13305.swift */ = {isa = PBXFileReference; lastKnownFileType = sourcecode.swift; path = 13305.swift; sourceTree = "<group>"; };
		69AB84F12AA6DA1E003534D1 /* 10610.swift */ = {isa = PBXFileReference; lastKnownFileType = sourcecode.swift; path = 10610.swift; sourceTree = "<group>"; };
		69D0525C2AA19C5800156C81 /* 1789.swift */ = {isa = PBXFileReference; lastKnownFileType = sourcecode.swift; path = 1789.swift; sourceTree = "<group>"; };
		69D096562AB029230020609C /* 1946.swift */ = {isa = PBXFileReference; lastKnownFileType = sourcecode.swift; path = 1946.swift; sourceTree = "<group>"; };
		69FA6B992AA95F2000253B9C /* 16953.swift */ = {isa = PBXFileReference; lastKnownFileType = sourcecode.swift; path = 16953.swift; sourceTree = "<group>"; };
/* End PBXFileReference section */

/* Begin PBXFrameworksBuildPhase section */
		698725FA2A90D7500087ABED /* Frameworks */ = {
			isa = PBXFrameworksBuildPhase;
			buildActionMask = 2147483647;
			files = (
			);
			runOnlyForDeploymentPostprocessing = 0;
		};
/* End PBXFrameworksBuildPhase section */

/* Begin PBXGroup section */
		698725F42A90D7500087ABED = {
			isa = PBXGroup;
			children = (
				69A76B0F2ADE3E1C008332C7 /* 백준 */,
				698725FF2A90D7500087ABED /* CodingTest */,
				698725FE2A90D7500087ABED /* Products */,
			);
			sourceTree = "<group>";
		};
		698725FE2A90D7500087ABED /* Products */ = {
			isa = PBXGroup;
			children = (
				698725FD2A90D7500087ABED /* CodingTest */,
			);
			name = Products;
			sourceTree = "<group>";
		};
		698725FF2A90D7500087ABED /* CodingTest */ = {
			isa = PBXGroup;
			children = (
				698726002A90D7500087ABED /* 2217.swift */,
				69D0525C2AA19C5800156C81 /* 1789.swift */,
				69AB84EF2AA61CD9003534D1 /* 13305.swift */,
				69AB84F12AA6DA1E003534D1 /* 10610.swift */,
				69FA6B992AA95F2000253B9C /* 16953.swift */,
				69D096562AB029230020609C /* 1946.swift */,
				690CF2C22AB206D0002B29C0 /* 1049.swift */,
				690CF2C42AB2B646002B29C0 /* 1439.swift */,
				69A76B102ADE3E39008332C7 /* golf1.swift */,
				69A76B112ADE3E39008332C7 /* golf2.swift */,
				69A76B122ADE3E39008332C7 /* golf3.swift */,
				69A76B162ADE3EB1008332C7 /* 2108.swift */,
				691092A72AE0269D0092AB7D /* 2606.swift */,
				6986A7352AE0E06500615E85 /* 1012.swift */,
				694FE3472AE8113900E4BBA4 /* 2331.swift */,
				6957454D2AE964950014F298 /* 10451.swift */,
				6957454F2AEAC63F0014F298 /* 2644.swift */,
				6950E7272AEC002000AA15B3 /* 1260.swift */,
				699EE0B62AEFF40300C32078 /* 17127.swift */,
				69A7B8092AF1033500F048E7 /* 1251.swift */,
			);
			path = CodingTest;
			sourceTree = "<group>";
		};
/* End PBXGroup section */

/* Begin PBXNativeTarget section */
		698725FC2A90D7500087ABED /* CodingTest */ = {
			isa = PBXNativeTarget;
			buildConfigurationList = 698726042A90D7500087ABED /* Build configuration list for PBXNativeTarget "CodingTest" */;
			buildPhases = (
				698725F92A90D7500087ABED /* Sources */,
				698725FA2A90D7500087ABED /* Frameworks */,
				698725FB2A90D7500087ABED /* CopyFiles */,
			);
			buildRules = (
			);
			dependencies = (
			);
			name = CodingTest;
			productName = CodingTest;
			productReference = 698725FD2A90D7500087ABED /* CodingTest */;
			productType = "com.apple.product-type.tool";
		};
/* End PBXNativeTarget section */

/* Begin PBXProject section */
		698725F52A90D7500087ABED /* Project object */ = {
			isa = PBXProject;
			attributes = {
				BuildIndependentTargetsInParallel = 1;
				LastSwiftUpdateCheck = 1430;
				LastUpgradeCheck = 1430;
				TargetAttributes = {
					698725FC2A90D7500087ABED = {
						CreatedOnToolsVersion = 14.3.1;
						LastSwiftMigration = 1500;
					};
				};
			};
			buildConfigurationList = 698725F82A90D7500087ABED /* Build configuration list for PBXProject "CodingTest" */;
			compatibilityVersion = "Xcode 14.0";
			developmentRegion = en;
			hasScannedForEncodings = 0;
			knownRegions = (
				en,
				Base,
			);
			mainGroup = 698725F42A90D7500087ABED;
			productRefGroup = 698725FE2A90D7500087ABED /* Products */;
			projectDirPath = "";
			projectRoot = "";
			targets = (
				698725FC2A90D7500087ABED /* CodingTest */,
			);
		};
/* End PBXProject section */

/* Begin PBXSourcesBuildPhase section */
		698725F92A90D7500087ABED /* Sources */ = {
			isa = PBXSourcesBuildPhase;
			buildActionMask = 2147483647;
			files = (
				69A76B132ADE3E39008332C7 /* golf1.swift in Sources */,
				69A76B152ADE3E39008332C7 /* golf3.swift in Sources */,
			);
			runOnlyForDeploymentPostprocessing = 0;
		};
/* End PBXSourcesBuildPhase section */

/* Begin XCBuildConfiguration section */
		698726022A90D7500087ABED /* Debug */ = {
			isa = XCBuildConfiguration;
			buildSettings = {
				ALWAYS_SEARCH_USER_PATHS = NO;
				CLANG_ANALYZER_NONNULL = YES;
				CLANG_ANALYZER_NUMBER_OBJECT_CONVERSION = YES_AGGRESSIVE;
				CLANG_CXX_LANGUAGE_STANDARD = "gnu++20";
				CLANG_ENABLE_MODULES = YES;
				CLANG_ENABLE_OBJC_ARC = YES;
				CLANG_ENABLE_OBJC_WEAK = YES;
				CLANG_WARN_BLOCK_CAPTURE_AUTORELEASING = YES;
				CLANG_WARN_BOOL_CONVERSION = YES;
				CLANG_WARN_COMMA = YES;
				CLANG_WARN_CONSTANT_CONVERSION = YES;
				CLANG_WARN_DEPRECATED_OBJC_IMPLEMENTATIONS = YES;
				CLANG_WARN_DIRECT_OBJC_ISA_USAGE = YES_ERROR;
				CLANG_WARN_DOCUMENTATION_COMMENTS = YES;
				CLANG_WARN_EMPTY_BODY = YES;
				CLANG_WARN_ENUM_CONVERSION = YES;
				CLANG_WARN_INFINITE_RECURSION = YES;
				CLANG_WARN_INT_CONVERSION = YES;
				CLANG_WARN_NON_LITERAL_NULL_CONVERSION = YES;
				CLANG_WARN_OBJC_IMPLICIT_RETAIN_SELF = YES;
				CLANG_WARN_OBJC_LITERAL_CONVERSION = YES;
				CLANG_WARN_OBJC_ROOT_CLASS = YES_ERROR;
				CLANG_WARN_QUOTED_INCLUDE_IN_FRAMEWORK_HEADER = YES;
				CLANG_WARN_RANGE_LOOP_ANALYSIS = YES;
				CLANG_WARN_STRICT_PROTOTYPES = YES;
				CLANG_WARN_SUSPICIOUS_MOVE = YES;
				CLANG_WARN_UNGUARDED_AVAILABILITY = YES_AGGRESSIVE;
				CLANG_WARN_UNREACHABLE_CODE = YES;
				CLANG_WARN__DUPLICATE_METHOD_MATCH = YES;
				COPY_PHASE_STRIP = NO;
				DEBUG_INFORMATION_FORMAT = dwarf;
				ENABLE_STRICT_OBJC_MSGSEND = YES;
				ENABLE_TESTABILITY = YES;
				GCC_C_LANGUAGE_STANDARD = gnu11;
				GCC_DYNAMIC_NO_PIC = NO;
				GCC_NO_COMMON_BLOCKS = YES;
				GCC_OPTIMIZATION_LEVEL = 0;
				GCC_PREPROCESSOR_DEFINITIONS = (
					"DEBUG=1",
					"$(inherited)",
				);
				GCC_WARN_64_TO_32_BIT_CONVERSION = YES;
				GCC_WARN_ABOUT_RETURN_TYPE = YES_ERROR;
				GCC_WARN_UNDECLARED_SELECTOR = YES;
				GCC_WARN_UNINITIALIZED_AUTOS = YES_AGGRESSIVE;
				GCC_WARN_UNUSED_FUNCTION = YES;
				GCC_WARN_UNUSED_VARIABLE = YES;
				MACOSX_DEPLOYMENT_TARGET = 13.3;
				MTL_ENABLE_DEBUG_INFO = INCLUDE_SOURCE;
				MTL_FAST_MATH = YES;
				ONLY_ACTIVE_ARCH = YES;
				SDKROOT = macosx;
				SWIFT_ACTIVE_COMPILATION_CONDITIONS = DEBUG;
				SWIFT_OPTIMIZATION_LEVEL = "-Onone";
			};
			name = Debug;
		};
		698726032A90D7500087ABED /* Release */ = {
			isa = XCBuildConfiguration;
			buildSettings = {
				ALWAYS_SEARCH_USER_PATHS = NO;
				CLANG_ANALYZER_NONNULL = YES;
				CLANG_ANALYZER_NUMBER_OBJECT_CONVERSION = YES_AGGRESSIVE;
				CLANG_CXX_LANGUAGE_STANDARD = "gnu++20";
				CLANG_ENABLE_MODULES = YES;
				CLANG_ENABLE_OBJC_ARC = YES;
				CLANG_ENABLE_OBJC_WEAK = YES;
				CLANG_WARN_BLOCK_CAPTURE_AUTORELEASING = YES;
				CLANG_WARN_BOOL_CONVERSION = YES;
				CLANG_WARN_COMMA = YES;
				CLANG_WARN_CONSTANT_CONVERSION = YES;
				CLANG_WARN_DEPRECATED_OBJC_IMPLEMENTATIONS = YES;
				CLANG_WARN_DIRECT_OBJC_ISA_USAGE = YES_ERROR;
				CLANG_WARN_DOCUMENTATION_COMMENTS = YES;
				CLANG_WARN_EMPTY_BODY = YES;
				CLANG_WARN_ENUM_CONVERSION = YES;
				CLANG_WARN_INFINITE_RECURSION = YES;
				CLANG_WARN_INT_CONVERSION = YES;
				CLANG_WARN_NON_LITERAL_NULL_CONVERSION = YES;
				CLANG_WARN_OBJC_IMPLICIT_RETAIN_SELF = YES;
				CLANG_WARN_OBJC_LITERAL_CONVERSION = YES;
				CLANG_WARN_OBJC_ROOT_CLASS = YES_ERROR;
				CLANG_WARN_QUOTED_INCLUDE_IN_FRAMEWORK_HEADER = YES;
				CLANG_WARN_RANGE_LOOP_ANALYSIS = YES;
				CLANG_WARN_STRICT_PROTOTYPES = YES;
				CLANG_WARN_SUSPICIOUS_MOVE = YES;
				CLANG_WARN_UNGUARDED_AVAILABILITY = YES_AGGRESSIVE;
				CLANG_WARN_UNREACHABLE_CODE = YES;
				CLANG_WARN__DUPLICATE_METHOD_MATCH = YES;
				COPY_PHASE_STRIP = NO;
				DEBUG_INFORMATION_FORMAT = "dwarf-with-dsym";
				ENABLE_NS_ASSERTIONS = NO;
				ENABLE_STRICT_OBJC_MSGSEND = YES;
				GCC_C_LANGUAGE_STANDARD = gnu11;
				GCC_NO_COMMON_BLOCKS = YES;
				GCC_WARN_64_TO_32_BIT_CONVERSION = YES;
				GCC_WARN_ABOUT_RETURN_TYPE = YES_ERROR;
				GCC_WARN_UNDECLARED_SELECTOR = YES;
				GCC_WARN_UNINITIALIZED_AUTOS = YES_AGGRESSIVE;
				GCC_WARN_UNUSED_FUNCTION = YES;
				GCC_WARN_UNUSED_VARIABLE = YES;
				MACOSX_DEPLOYMENT_TARGET = 13.3;
				MTL_ENABLE_DEBUG_INFO = NO;
				MTL_FAST_MATH = YES;
				SDKROOT = macosx;
				SWIFT_COMPILATION_MODE = wholemodule;
				SWIFT_OPTIMIZATION_LEVEL = "-O";
			};
			name = Release;
		};
		698726052A90D7500087ABED /* Debug */ = {
			isa = XCBuildConfiguration;
			buildSettings = {
				CLANG_ENABLE_MODULES = YES;
				CODE_SIGN_STYLE = Automatic;
				DEVELOPMENT_TEAM = 26L95KN5AP;
				ENABLE_HARDENED_RUNTIME = YES;
				PRODUCT_NAME = "$(TARGET_NAME)";
				SWIFT_OPTIMIZATION_LEVEL = "-Onone";
				SWIFT_VERSION = 5.0;
			};
			name = Debug;
		};
		698726062A90D7500087ABED /* Release */ = {
			isa = XCBuildConfiguration;
			buildSettings = {
				CLANG_ENABLE_MODULES = YES;
				CODE_SIGN_STYLE = Automatic;
				DEVELOPMENT_TEAM = 26L95KN5AP;
				ENABLE_HARDENED_RUNTIME = YES;
				PRODUCT_NAME = "$(TARGET_NAME)";
				SWIFT_VERSION = 5.0;
			};
			name = Release;
		};
/* End XCBuildConfiguration section */

/* Begin XCConfigurationList section */
		698725F82A90D7500087ABED /* Build configuration list for PBXProject "CodingTest" */ = {
			isa = XCConfigurationList;
			buildConfigurations = (
				698726022A90D7500087ABED /* Debug */,
				698726032A90D7500087ABED /* Release */,
			);
			defaultConfigurationIsVisible = 0;
			defaultConfigurationName = Release;
		};
		698726042A90D7500087ABED /* Build configuration list for PBXNativeTarget "CodingTest" */ = {
			isa = XCConfigurationList;
			buildConfigurations = (
				698726052A90D7500087ABED /* Debug */,
				698726062A90D7500087ABED /* Release */,
			);
			defaultConfigurationIsVisible = 0;
			defaultConfigurationName = Release;
		};
/* End XCConfigurationList section */
	};
	rootObject = 698725F52A90D7500087ABED /* Project object */;
}
